{
  "nodes": {
    "nixCats": {
      "locked": {
        "lastModified": 1759730664,
        "narHash": "sha256-boRlBQ/c4CaHsK/z04QL6+t81mcar37Io94HBX2GflY=",
        "owner": "BirdeeHub",
        "repo": "nixCats-nvim",
        "rev": "77dffad8235eb77684fcb7599487c8e9f23d5b8f",
        "type": "github"
      },
      "original": {
        "owner": "BirdeeHub",
        "repo": "nixCats-nvim",
        "type": "github"
      }
    },
    "nixpkgs": {
      "locked": {
        "lastModified": 1760524057,
        "narHash": "sha256-EVAqOteLBFmd7pKkb0+FIUyzTF61VKi7YmvP1tw4nEw=",
        "owner": "nixos",
        "repo": "nixpkgs",
        "rev": "544961dfcce86422ba200ed9a0b00dd4b1486ec5",
        "type": "github"
      },
      "original": {
        "owner": "nixos",
        "ref": "nixos-unstable",
        "repo": "nixpkgs",
        "type": "github"
      }
    },
    "root": {
      "inputs": {
        "nixCats": "nixCats",
        "nixpkgs": "nixpkgs"
      }
    }
  },
  "root": "root",
  "version": 7
}
